
Microsoft Visual Studio Solution File, Format Version 12.00
# Visual Studio Version 17
VisualStudioVersion = 17.8.34525.116
MinimumVisualStudioVersion = 10.0.40219.1
Project("{FAE04EC0-301F-11D3-BF4B-00C04F79EFBC}") = "exercisesBox.API", "exercisesBox.API\exercisesBox.API.csproj", "{821897EC-CFA7-4FBF-92DF-44F63FE2F43A}"
EndProject
Global
	GlobalSection(SolutionConfigurationPlatforms) = preSolution
		Debug|Any CPU = Debug|Any CPU
		Release|Any CPU = Release|Any CPU
	EndGlobalSection
	GlobalSection(ProjectConfigurationPlatforms) = postSolution
		{821897EC-CFA7-4FBF-92DF-44F63FE2F43A}.Debug|Any CPU.ActiveCfg = Debug|Any CPU
		{821897EC-CFA7-4FBF-92DF-44F63FE2F43A}.Debug|Any CPU.Build.0 = Debug|Any CPU
		{821897EC-CFA7-4FBF-92DF-44F63FE2F43A}.Release|Any CPU.ActiveCfg = Release|Any CPU
		{821897EC-CFA7-4FBF-92DF-44F63FE2F43A}.Release|Any CPU.Build.0 = Release|Any CPU
	EndGlobalSection
	GlobalSection(SolutionProperties) = preSolution
		HideSolutionNode = FALSE
	EndGlobalSection
	GlobalSection(ExtensibilityGlobals) = postSolution
		SolutionGuid = {FC725810-5E71-436D-A503-741373A0792A}
	EndGlobalSection
EndGlobal
